
Microsoft Visual Studio Solution File, Format Version 12.00
# Visual Studio Version 17
VisualStudioVersion = 17.3.32819.101
MinimumVisualStudioVersion = 10.0.40219.1
Project("{FAE04EC0-301F-11D3-BF4B-00C04F79EFBC}") = "TestConsoleApp", "TestConsoleApp\TestConsoleApp.csproj", "{DCE685A7-32A4-491B-BE19-05CBD185BCE4}"
EndProject
Project("{FAE04EC0-301F-11D3-BF4B-00C04F79EFBC}") = "ClassLibrary", "ClassLibrary\ClassLibrary.csproj", "{8B57CB30-D4E0-45F9-8668-0307EDE8CBB4}"
EndProject
Project("{FAE04EC0-301F-11D3-BF4B-00C04F79EFBC}") = "Tests", "Tests\Tests.csproj", "{C8F6650B-0C46-44F3-BB8F-7B29D385FF28}"
EndProject
Global
	GlobalSection(SolutionConfigurationPlatforms) = preSolution
		Debug|Any CPU = Debug|Any CPU
		Release|Any CPU = Release|Any CPU
	EndGlobalSection
	GlobalSection(ProjectConfigurationPlatforms) = postSolution
		{DCE685A7-32A4-491B-BE19-05CBD185BCE4}.Debug|Any CPU.ActiveCfg = Debug|Any CPU
		{DCE685A7-32A4-491B-BE19-05CBD185BCE4}.Debug|Any CPU.Build.0 = Debug|Any CPU
		{DCE685A7-32A4-491B-BE19-05CBD185BCE4}.Release|Any CPU.ActiveCfg = Release|Any CPU
		{DCE685A7-32A4-491B-BE19-05CBD185BCE4}.Release|Any CPU.Build.0 = Release|Any CPU
		{8B57CB30-D4E0-45F9-8668-0307EDE8CBB4}.Debug|Any CPU.ActiveCfg = Debug|Any CPU
		{8B57CB30-D4E0-45F9-8668-0307EDE8CBB4}.Debug|Any CPU.Build.0 = Debug|Any CPU
		{8B57CB30-D4E0-45F9-8668-0307EDE8CBB4}.Release|Any CPU.ActiveCfg = Release|Any CPU
		{8B57CB30-D4E0-45F9-8668-0307EDE8CBB4}.Release|Any CPU.Build.0 = Release|Any CPU
		{C8F6650B-0C46-44F3-BB8F-7B29D385FF28}.Debug|Any CPU.ActiveCfg = Debug|Any CPU
		{C8F6650B-0C46-44F3-BB8F-7B29D385FF28}.Debug|Any CPU.Build.0 = Debug|Any CPU
		{C8F6650B-0C46-44F3-BB8F-7B29D385FF28}.Release|Any CPU.ActiveCfg = Release|Any CPU
		{C8F6650B-0C46-44F3-BB8F-7B29D385FF28}.Release|Any CPU.Build.0 = Release|Any CPU
	EndGlobalSection
	GlobalSection(SolutionProperties) = preSolution
		HideSolutionNode = FALSE
	EndGlobalSection
	GlobalSection(ExtensibilityGlobals) = postSolution
		SolutionGuid = {6399EE5E-3B2A-4BD0-9319-BC847BE0DD37}
	EndGlobalSection
EndGlobal
